
Microsoft Visual Studio Solution File, Format Version 12.00
# Visual Studio Version 17
VisualStudioVersion = 17.8.34525.116
MinimumVisualStudioVersion = 10.0.40219.1
Project("{9A19103F-16F7-4668-BE54-9A1E7A4F7556}") = "BCMS_Backend", "BCMS_Backend\BCMS_Backend.csproj", "{FD7E7C4E-2DE2-4709-A5EE-022A36537AB5}"
EndProject
Project("{9A19103F-16F7-4668-BE54-9A1E7A4F7556}") = "BCMS_FrontendBlazor", "BCMS_FrontendBlazor\BCMS_FrontendBlazor.csproj", "{65397EA2-807C-4CAA-9278-026981239B79}"
EndProject
Project("{2150E333-8FDC-42A3-9474-1A3956D46DE8}") = "Solution Items", "Solution Items", "{32BF5940-7596-4E55-A791-520584D78FD4}"
	ProjectSection(SolutionItems) = preProject
		README.MD = README.MD
		screenshot.PNG = screenshot.PNG
		screenshot2.PNG = screenshot2.PNG
		screenshot3.PNG = screenshot3.PNG
	EndProjectSection
EndProject
Global
	GlobalSection(SolutionConfigurationPlatforms) = preSolution
		Debug|Any CPU = Debug|Any CPU
		Release|Any CPU = Release|Any CPU
	EndGlobalSection
	GlobalSection(ProjectConfigurationPlatforms) = postSolution
		{FD7E7C4E-2DE2-4709-A5EE-022A36537AB5}.Debug|Any CPU.ActiveCfg = Debug|Any CPU
		{FD7E7C4E-2DE2-4709-A5EE-022A36537AB5}.Debug|Any CPU.Build.0 = Debug|Any CPU
		{FD7E7C4E-2DE2-4709-A5EE-022A36537AB5}.Release|Any CPU.ActiveCfg = Release|Any CPU
		{FD7E7C4E-2DE2-4709-A5EE-022A36537AB5}.Release|Any CPU.Build.0 = Release|Any CPU
		{65397EA2-807C-4CAA-9278-026981239B79}.Debug|Any CPU.ActiveCfg = Debug|Any CPU
		{65397EA2-807C-4CAA-9278-026981239B79}.Debug|Any CPU.Build.0 = Debug|Any CPU
		{65397EA2-807C-4CAA-9278-026981239B79}.Release|Any CPU.ActiveCfg = Release|Any CPU
		{65397EA2-807C-4CAA-9278-026981239B79}.Release|Any CPU.Build.0 = Release|Any CPU
	EndGlobalSection
	GlobalSection(SolutionProperties) = preSolution
		HideSolutionNode = FALSE
	EndGlobalSection
	GlobalSection(ExtensibilityGlobals) = postSolution
		SolutionGuid = {D5A5FA5B-AADF-4AE7-9F9C-326A1751A1D9}
	EndGlobalSection
EndGlobal
